
Microsoft Visual Studio Solution File, Format Version 12.00
# Visual Studio Version 16
VisualStudioVersion = 16.0.28917.181
MinimumVisualStudioVersion = 10.0.40219.1
Project("{FAE04EC0-301F-11D3-BF4B-00C04F79EFBC}") = "AdriBQ2PAR.Android", "AdriBQ2PAR\AdriBQ2PAR.Android\AdriBQ2PAR.Android.csproj", "{0D0D95BF-B23B-4C12-A2D2-6EC83974D41A}"
EndProject
Project("{FAE04EC0-301F-11D3-BF4B-00C04F79EFBC}") = "AdriBQ2PAR.iOS", "AdriBQ2PAR\AdriBQ2PAR.iOS\AdriBQ2PAR.iOS.csproj", "{7AD09D0C-A22B-4853-AF8B-AB5028B58E7B}"
EndProject
Project("{FAE04EC0-301F-11D3-BF4B-00C04F79EFBC}") = "AdriBQ2PAR", "AdriBQ2PAR\AdriBQ2PAR\AdriBQ2PAR.csproj", "{5BB15476-EF4B-4B82-9E0C-FC5E04F228C2}"
EndProject
Global
	GlobalSection(SolutionConfigurationPlatforms) = preSolution
		Debug|Any CPU = Debug|Any CPU
		Debug|iPhone = Debug|iPhone
		Debug|iPhoneSimulator = Debug|iPhoneSimulator
		Release|Any CPU = Release|Any CPU
		Release|iPhone = Release|iPhone
		Release|iPhoneSimulator = Release|iPhoneSimulator
	EndGlobalSection
	GlobalSection(ProjectConfigurationPlatforms) = postSolution
		{0D0D95BF-B23B-4C12-A2D2-6EC83974D41A}.Debug|Any CPU.ActiveCfg = Debug|Any CPU
		{0D0D95BF-B23B-4C12-A2D2-6EC83974D41A}.Debug|Any CPU.Build.0 = Debug|Any CPU
		{0D0D95BF-B23B-4C12-A2D2-6EC83974D41A}.Debug|Any CPU.Deploy.0 = Debug|Any CPU
		{0D0D95BF-B23B-4C12-A2D2-6EC83974D41A}.Debug|iPhone.ActiveCfg = Debug|Any CPU
		{0D0D95BF-B23B-4C12-A2D2-6EC83974D41A}.Debug|iPhone.Build.0 = Debug|Any CPU
		{0D0D95BF-B23B-4C12-A2D2-6EC83974D41A}.Debug|iPhone.Deploy.0 = Debug|Any CPU
		{0D0D95BF-B23B-4C12-A2D2-6EC83974D41A}.Debug|iPhoneSimulator.ActiveCfg = Debug|Any CPU
		{0D0D95BF-B23B-4C12-A2D2-6EC83974D41A}.Debug|iPhoneSimulator.Build.0 = Debug|Any CPU
		{0D0D95BF-B23B-4C12-A2D2-6EC83974D41A}.Debug|iPhoneSimulator.Deploy.0 = Debug|Any CPU
		{0D0D95BF-B23B-4C12-A2D2-6EC83974D41A}.Release|Any CPU.ActiveCfg = Release|Any CPU
		{0D0D95BF-B23B-4C12-A2D2-6EC83974D41A}.Release|Any CPU.Build.0 = Release|Any CPU
		{0D0D95BF-B23B-4C12-A2D2-6EC83974D41A}.Release|Any CPU.Deploy.0 = Release|Any CPU
		{0D0D95BF-B23B-4C12-A2D2-6EC83974D41A}.Release|iPhone.ActiveCfg = Release|Any CPU
		{0D0D95BF-B23B-4C12-A2D2-6EC83974D41A}.Release|iPhone.Build.0 = Release|Any CPU
		{0D0D95BF-B23B-4C12-A2D2-6EC83974D41A}.Release|iPhone.Deploy.0 = Release|Any CPU
		{0D0D95BF-B23B-4C12-A2D2-6EC83974D41A}.Release|iPhoneSimulator.ActiveCfg = Release|Any CPU
		{0D0D95BF-B23B-4C12-A2D2-6EC83974D41A}.Release|iPhoneSimulator.Build.0 = Release|Any CPU
		{0D0D95BF-B23B-4C12-A2D2-6EC83974D41A}.Release|iPhoneSimulator.Deploy.0 = Release|Any CPU
		{7AD09D0C-A22B-4853-AF8B-AB5028B58E7B}.Debug|Any CPU.ActiveCfg = Debug|iPhoneSimulator
		{7AD09D0C-A22B-4853-AF8B-AB5028B58E7B}.Debug|Any CPU.Build.0 = Debug|iPhoneSimulator
		{7AD09D0C-A22B-4853-AF8B-AB5028B58E7B}.Debug|Any CPU.Deploy.0 = Debug|iPhoneSimulator
		{7AD09D0C-A22B-4853-AF8B-AB5028B58E7B}.Debug|iPhone.ActiveCfg = Debug|iPhone
		{7AD09D0C-A22B-4853-AF8B-AB5028B58E7B}.Debug|iPhone.Build.0 = Debug|iPhone
		{7AD09D0C-A22B-4853-AF8B-AB5028B58E7B}.Debug|iPhone.Deploy.0 = Debug|iPhone
		{7AD09D0C-A22B-4853-AF8B-AB5028B58E7B}.Debug|iPhoneSimulator.ActiveCfg = Debug|iPhoneSimulator
		{7AD09D0C-A22B-4853-AF8B-AB5028B58E7B}.Debug|iPhoneSimulator.Build.0 = Debug|iPhoneSimulator
		{7AD09D0C-A22B-4853-AF8B-AB5028B58E7B}.Debug|iPhoneSimulator.Deploy.0 = Debug|iPhoneSimulator
		{7AD09D0C-A22B-4853-AF8B-AB5028B58E7B}.Release|Any CPU.ActiveCfg = Release|iPhone
		{7AD09D0C-A22B-4853-AF8B-AB5028B58E7B}.Release|Any CPU.Build.0 = Release|iPhone
		{7AD09D0C-A22B-4853-AF8B-AB5028B58E7B}.Release|Any CPU.Deploy.0 = Release|iPhone
		{7AD09D0C-A22B-4853-AF8B-AB5028B58E7B}.Release|iPhone.ActiveCfg = Release|iPhone
		{7AD09D0C-A22B-4853-AF8B-AB5028B58E7B}.Release|iPhone.Build.0 = Release|iPhone
		{7AD09D0C-A22B-4853-AF8B-AB5028B58E7B}.Release|iPhone.Deploy.0 = Release|iPhone
		{7AD09D0C-A22B-4853-AF8B-AB5028B58E7B}.Release|iPhoneSimulator.ActiveCfg = Release|iPhoneSimulator
		{7AD09D0C-A22B-4853-AF8B-AB5028B58E7B}.Release|iPhoneSimulator.Build.0 = Release|iPhoneSimulator
		{7AD09D0C-A22B-4853-AF8B-AB5028B58E7B}.Release|iPhoneSimulator.Deploy.0 = Release|iPhoneSimulator
		{5BB15476-EF4B-4B82-9E0C-FC5E04F228C2}.Debug|Any CPU.ActiveCfg = Debug|Any CPU
		{5BB15476-EF4B-4B82-9E0C-FC5E04F228C2}.Debug|Any CPU.Build.0 = Debug|Any CPU
		{5BB15476-EF4B-4B82-9E0C-FC5E04F228C2}.Debug|Any CPU.Deploy.0 = Debug|Any CPU
		{5BB15476-EF4B-4B82-9E0C-FC5E04F228C2}.Debug|iPhone.ActiveCfg = Debug|Any CPU
		{5BB15476-EF4B-4B82-9E0C-FC5E04F228C2}.Debug|iPhone.Build.0 = Debug|Any CPU
		{5BB15476-EF4B-4B82-9E0C-FC5E04F228C2}.Debug|iPhone.Deploy.0 = Debug|Any CPU
		{5BB15476-EF4B-4B82-9E0C-FC5E04F228C2}.Debug|iPhoneSimulator.ActiveCfg = Debug|Any CPU
		{5BB15476-EF4B-4B82-9E0C-FC5E04F228C2}.Debug|iPhoneSimulator.Build.0 = Debug|Any CPU
		{5BB15476-EF4B-4B82-9E0C-FC5E04F228C2}.Debug|iPhoneSimulator.Deploy.0 = Debug|Any CPU
		{5BB15476-EF4B-4B82-9E0C-FC5E04F228C2}.Release|Any CPU.ActiveCfg = Release|Any CPU
		{5BB15476-EF4B-4B82-9E0C-FC5E04F228C2}.Release|Any CPU.Build.0 = Release|Any CPU
		{5BB15476-EF4B-4B82-9E0C-FC5E04F228C2}.Release|Any CPU.Deploy.0 = Release|Any CPU
		{5BB15476-EF4B-4B82-9E0C-FC5E04F228C2}.Release|iPhone.ActiveCfg = Release|Any CPU
		{5BB15476-EF4B-4B82-9E0C-FC5E04F228C2}.Release|iPhone.Build.0 = Release|Any CPU
		{5BB15476-EF4B-4B82-9E0C-FC5E04F228C2}.Release|iPhone.Deploy.0 = Release|Any CPU
		{5BB15476-EF4B-4B82-9E0C-FC5E04F228C2}.Release|iPhoneSimulator.ActiveCfg = Release|Any CPU
		{5BB15476-EF4B-4B82-9E0C-FC5E04F228C2}.Release|iPhoneSimulator.Build.0 = Release|Any CPU
		{5BB15476-EF4B-4B82-9E0C-FC5E04F228C2}.Release|iPhoneSimulator.Deploy.0 = Release|Any CPU
	EndGlobalSection
	GlobalSection(SolutionProperties) = preSolution
		HideSolutionNode = FALSE
	EndGlobalSection
	GlobalSection(ExtensibilityGlobals) = postSolution
		SolutionGuid = {7E56FA62-53C6-416F-98E4-34A6452FADDB}
	EndGlobalSection
EndGlobal
